
Microsoft Visual Studio Solution File, Format Version 12.00
# Visual Studio 15
Project("{FAE04EC0-301F-11D3-BF4B-00C04F79EFBC}") = "TestVlcSharp.iOS", "TestVlcSharp.iOS\TestVlcSharp.iOS.csproj", "{2178EB06-0F29-4C6A-95E5-4C77BE03E1EE}"
EndProject
Project("{FAE04EC0-301F-11D3-BF4B-00C04F79EFBC}") = "TestVlcSharp", "TestVlcSharp\TestVlcSharp.csproj", "{E1B2C2A3-6C3D-4636-A100-2C8F1C716F18}"
EndProject
Project("{FAE04EC0-301F-11D3-BF4B-00C04F79EFBC}") = "TestVlcSharp.Gtk", "TestVlcSharp.Gtk\TestVlcSharp.Gtk.csproj", "{308DF4AA-9A0A-4914-AE31-94E1E5AD8995}"
EndProject
Global
	GlobalSection(SolutionConfigurationPlatforms) = preSolution
		Debug|iPhoneSimulator = Debug|iPhoneSimulator
		Release|iPhoneSimulator = Release|iPhoneSimulator
		Debug|iPhone = Debug|iPhone
		Release|iPhone = Release|iPhone
		Debug|Any CPU = Debug|Any CPU
		Release|Any CPU = Release|Any CPU
	EndGlobalSection
	GlobalSection(ProjectConfigurationPlatforms) = postSolution
		{2178EB06-0F29-4C6A-95E5-4C77BE03E1EE}.Debug|iPhoneSimulator.ActiveCfg = Debug|iPhoneSimulator
		{2178EB06-0F29-4C6A-95E5-4C77BE03E1EE}.Debug|iPhoneSimulator.Build.0 = Debug|iPhoneSimulator
		{2178EB06-0F29-4C6A-95E5-4C77BE03E1EE}.Release|iPhoneSimulator.ActiveCfg = Release|iPhoneSimulator
		{2178EB06-0F29-4C6A-95E5-4C77BE03E1EE}.Release|iPhoneSimulator.Build.0 = Release|iPhoneSimulator
		{2178EB06-0F29-4C6A-95E5-4C77BE03E1EE}.Debug|iPhone.ActiveCfg = Debug|iPhone
		{2178EB06-0F29-4C6A-95E5-4C77BE03E1EE}.Debug|iPhone.Build.0 = Debug|iPhone
		{2178EB06-0F29-4C6A-95E5-4C77BE03E1EE}.Release|iPhone.ActiveCfg = Release|iPhone
		{2178EB06-0F29-4C6A-95E5-4C77BE03E1EE}.Release|iPhone.Build.0 = Release|iPhone
		{2178EB06-0F29-4C6A-95E5-4C77BE03E1EE}.Debug|Any CPU.ActiveCfg = Debug|iPhoneSimulator
		{2178EB06-0F29-4C6A-95E5-4C77BE03E1EE}.Debug|Any CPU.Build.0 = Debug|iPhoneSimulator
		{2178EB06-0F29-4C6A-95E5-4C77BE03E1EE}.Release|Any CPU.ActiveCfg = Release|iPhoneSimulator
		{2178EB06-0F29-4C6A-95E5-4C77BE03E1EE}.Release|Any CPU.Build.0 = Release|iPhoneSimulator
		{E1B2C2A3-6C3D-4636-A100-2C8F1C716F18}.Debug|iPhoneSimulator.ActiveCfg = Debug|Any CPU
		{E1B2C2A3-6C3D-4636-A100-2C8F1C716F18}.Debug|iPhoneSimulator.Build.0 = Debug|Any CPU
		{E1B2C2A3-6C3D-4636-A100-2C8F1C716F18}.Release|iPhoneSimulator.ActiveCfg = Release|Any CPU
		{E1B2C2A3-6C3D-4636-A100-2C8F1C716F18}.Release|iPhoneSimulator.Build.0 = Release|Any CPU
		{E1B2C2A3-6C3D-4636-A100-2C8F1C716F18}.Debug|iPhone.ActiveCfg = Debug|Any CPU
		{E1B2C2A3-6C3D-4636-A100-2C8F1C716F18}.Debug|iPhone.Build.0 = Debug|Any CPU
		{E1B2C2A3-6C3D-4636-A100-2C8F1C716F18}.Release|iPhone.ActiveCfg = Release|Any CPU
		{E1B2C2A3-6C3D-4636-A100-2C8F1C716F18}.Release|iPhone.Build.0 = Release|Any CPU
		{E1B2C2A3-6C3D-4636-A100-2C8F1C716F18}.Debug|Any CPU.ActiveCfg = Debug|Any CPU
		{E1B2C2A3-6C3D-4636-A100-2C8F1C716F18}.Debug|Any CPU.Build.0 = Debug|Any CPU
		{E1B2C2A3-6C3D-4636-A100-2C8F1C716F18}.Release|Any CPU.ActiveCfg = Release|Any CPU
		{E1B2C2A3-6C3D-4636-A100-2C8F1C716F18}.Release|Any CPU.Build.0 = Release|Any CPU
		{308DF4AA-9A0A-4914-AE31-94E1E5AD8995}.Debug|iPhoneSimulator.ActiveCfg = Debug|iPhoneSimulator
		{308DF4AA-9A0A-4914-AE31-94E1E5AD8995}.Debug|iPhoneSimulator.Build.0 = Debug|iPhoneSimulator
		{308DF4AA-9A0A-4914-AE31-94E1E5AD8995}.Release|iPhoneSimulator.ActiveCfg = Release|iPhoneSimulator
		{308DF4AA-9A0A-4914-AE31-94E1E5AD8995}.Release|iPhoneSimulator.Build.0 = Release|iPhoneSimulator
		{308DF4AA-9A0A-4914-AE31-94E1E5AD8995}.Debug|iPhone.ActiveCfg = Debug|iPhoneSimulator
		{308DF4AA-9A0A-4914-AE31-94E1E5AD8995}.Debug|iPhone.Build.0 = Debug|iPhoneSimulator
		{308DF4AA-9A0A-4914-AE31-94E1E5AD8995}.Release|iPhone.ActiveCfg = Release|iPhoneSimulator
		{308DF4AA-9A0A-4914-AE31-94E1E5AD8995}.Release|iPhone.Build.0 = Release|iPhoneSimulator
		{308DF4AA-9A0A-4914-AE31-94E1E5AD8995}.Debug|Any CPU.ActiveCfg = Debug|iPhoneSimulator
		{308DF4AA-9A0A-4914-AE31-94E1E5AD8995}.Debug|Any CPU.Build.0 = Debug|iPhoneSimulator
		{308DF4AA-9A0A-4914-AE31-94E1E5AD8995}.Release|Any CPU.ActiveCfg = Release|iPhoneSimulator
		{308DF4AA-9A0A-4914-AE31-94E1E5AD8995}.Release|Any CPU.Build.0 = Release|iPhoneSimulator
	EndGlobalSection
EndGlobal
